// !$*UTF8*$!
{
	archiveVersion = 1;
	classes = {
	};
	objectVersion = 46;
	objects = {

/* Begin PBXBuildFile section */
		064DE350F2E188F6AF126A1B /* libPods-PayExample.a in Frameworks */ = {isa = PBXBuildFile; fileRef = 33028E1B03CC03CA6B1A25F6 /* libPods-PayExample.a */; };
		76C9E5571A029D4300E5CE39 /* main.m in Sources */ = {isa = PBXBuildFile; fileRef = 76C9E5561A029D4300E5CE39 /* main.m */; };
		76C9E55A1A029D4300E5CE39 /* AppDelegate.m in Sources */ = {isa = PBXBuildFile; fileRef = 76C9E5591A029D4300E5CE39 /* AppDelegate.m */; };
		76C9E5601A029D4300E5CE39 /* Main.storyboard in Resources */ = {isa = PBXBuildFile; fileRef = 76C9E55E1A029D4300E5CE39 /* Main.storyboard */; };
		76C9E5621A029D4300E5CE39 /* Images.xcassets in Resources */ = {isa = PBXBuildFile; fileRef = 76C9E5611A029D4300E5CE39 /* Images.xcassets */; };
		76C9E5651A029D4300E5CE39 /* LaunchScreen.xib in Resources */ = {isa = PBXBuildFile; fileRef = 76C9E5631A029D4300E5CE39 /* LaunchScreen.xib */; };
		76C9E5711A029D4300E5CE39 /* PayExampleTests.m in Sources */ = {isa = PBXBuildFile; fileRef = 76C9E5701A029D4300E5CE39 /* PayExampleTests.m */; };
		76C9E57E1A029EBB00E5CE39 /* PayViewController.m in Sources */ = {isa = PBXBuildFile; fileRef = 76C9E57B1A029EBB00E5CE39 /* PayViewController.m */; };
		76C9E57F1A029EBB00E5CE39 /* ShippingManager.m in Sources */ = {isa = PBXBuildFile; fileRef = 76C9E57D1A029EBB00E5CE39 /* ShippingManager.m */; };
/* End PBXBuildFile section */

/* Begin PBXContainerItemProxy section */
		76C9E56B1A029D4300E5CE39 /* PBXContainerItemProxy */ = {
			isa = PBXContainerItemProxy;
			containerPortal = 76C9E5491A029D4300E5CE39 /* Project object */;
			proxyType = 1;
			remoteGlobalIDString = 76C9E5501A029D4300E5CE39;
			remoteInfo = PayExample;
		};
/* End PBXContainerItemProxy section */

/* Begin PBXFileReference section */
		33028E1B03CC03CA6B1A25F6 /* libPods-PayExample.a */ = {isa = PBXFileReference; explicitFileType = archive.ar; includeInIndex = 0; path = "libPods-PayExample.a"; sourceTree = BUILT_PRODUCTS_DIR; };
		76C9E5511A029D4300E5CE39 /* PayExample.app */ = {isa = PBXFileReference; explicitFileType = wrapper.application; includeInIndex = 0; path = PayExample.app; sourceTree = BUILT_PRODUCTS_DIR; };
		76C9E5551A029D4300E5CE39 /* Info.plist */ = {isa = PBXFileReference; lastKnownFileType = text.plist.xml; path = Info.plist; sourceTree = "<group>"; };
		76C9E5561A029D4300E5CE39 /* main.m */ = {isa = PBXFileReference; lastKnownFileType = sourcecode.c.objc; path = main.m; sourceTree = "<group>"; };
		76C9E5581A029D4300E5CE39 /* AppDelegate.h */ = {isa = PBXFileReference; lastKnownFileType = sourcecode.c.h; path = AppDelegate.h; sourceTree = "<group>"; };
		76C9E5591A029D4300E5CE39 /* AppDelegate.m */ = {isa = PBXFileReference; lastKnownFileType = sourcecode.c.objc; path = AppDelegate.m; sourceTree = "<group>"; };
		76C9E55F1A029D4300E5CE39 /* Base */ = {isa = PBXFileReference; lastKnownFileType = file.storyboard; name = Base; path = Base.lproj/Main.storyboard; sourceTree = "<group>"; };
		76C9E5611A029D4300E5CE39 /* Images.xcassets */ = {isa = PBXFileReference; lastKnownFileType = folder.assetcatalog; path = Images.xcassets; sourceTree = "<group>"; };
		76C9E5641A029D4300E5CE39 /* Base */ = {isa = PBXFileReference; lastKnownFileType = file.xib; name = Base; path = Base.lproj/LaunchScreen.xib; sourceTree = "<group>"; };
		76C9E56A1A029D4300E5CE39 /* PayExampleTests.xctest */ = {isa = PBXFileReference; explicitFileType = wrapper.cfbundle; includeInIndex = 0; path = PayExampleTests.xctest; sourceTree = BUILT_PRODUCTS_DIR; };
		76C9E56F1A029D4300E5CE39 /* Info.plist */ = {isa = PBXFileReference; lastKnownFileType = text.plist.xml; path = Info.plist; sourceTree = "<group>"; };
		76C9E5701A029D4300E5CE39 /* PayExampleTests.m */ = {isa = PBXFileReference; lastKnownFileType = sourcecode.c.objc; path = PayExampleTests.m; sourceTree = "<group>"; };
		76C9E57A1A029EBB00E5CE39 /* PayViewController.h */ = {isa = PBXFileReference; fileEncoding = 4; lastKnownFileType = sourcecode.c.h; path = PayViewController.h; sourceTree = "<group>"; };
		76C9E57B1A029EBB00E5CE39 /* PayViewController.m */ = {isa = PBXFileReference; fileEncoding = 4; lastKnownFileType = sourcecode.c.objc; path = PayViewController.m; sourceTree = "<group>"; };
		76C9E57C1A029EBB00E5CE39 /* ShippingManager.h */ = {isa = PBXFileReference; fileEncoding = 4; lastKnownFileType = sourcecode.c.h; path = ShippingManager.h; sourceTree = "<group>"; };
		76C9E57D1A029EBB00E5CE39 /* ShippingManager.m */ = {isa = PBXFileReference; fileEncoding = 4; lastKnownFileType = sourcecode.c.objc; path = ShippingManager.m; sourceTree = "<group>"; };
		76C9E5801A029EDC00E5CE39 /* PayExample.entitlements */ = {isa = PBXFileReference; lastKnownFileType = text.xml; path = PayExample.entitlements; sourceTree = "<group>"; };
		ED5A7F5FE29A4F64289C9F05 /* Pods-PayExample.debug.xcconfig */ = {isa = PBXFileReference; includeInIndex = 1; lastKnownFileType = text.xcconfig; name = "Pods-PayExample.debug.xcconfig"; path = "Pods/Target Support Files/Pods-PayExample/Pods-PayExample.debug.xcconfig"; sourceTree = "<group>"; };
		F52D94A2D44D387FFC80C9AC /* Pods-PayExample.release.xcconfig */ = {isa = PBXFileReference; includeInIndex = 1; lastKnownFileType = text.xcconfig; name = "Pods-PayExample.release.xcconfig"; path = "Pods/Target Support Files/Pods-PayExample/Pods-PayExample.release.xcconfig"; sourceTree = "<group>"; };
/* End PBXFileReference section */

/* Begin PBXFrameworksBuildPhase section */
		76C9E54E1A029D4300E5CE39 /* Frameworks */ = {
			isa = PBXFrameworksBuildPhase;
			buildActionMask = 2147483647;
			files = (
				064DE350F2E188F6AF126A1B /* libPods-PayExample.a in Frameworks */,
			);
			runOnlyForDeploymentPostprocessing = 0;
		};
		76C9E5671A029D4300E5CE39 /* Frameworks */ = {
			isa = PBXFrameworksBuildPhase;
			buildActionMask = 2147483647;
			files = (
			);
			runOnlyForDeploymentPostprocessing = 0;
		};
/* End PBXFrameworksBuildPhase section */

/* Begin PBXGroup section */
		5A85B71E71AD1477E60AB06C /* Pods */ = {
			isa = PBXGroup;
			children = (
				ED5A7F5FE29A4F64289C9F05 /* Pods-PayExample.debug.xcconfig */,
				F52D94A2D44D387FFC80C9AC /* Pods-PayExample.release.xcconfig */,
			);
			name = Pods;
			sourceTree = "<group>";
		};
		76C9E5481A029D4300E5CE39 = {
			isa = PBXGroup;
			children = (
				76C9E5531A029D4300E5CE39 /* PayExample */,
				76C9E56D1A029D4300E5CE39 /* PayExampleTests */,
				76C9E5521A029D4300E5CE39 /* Products */,
				5A85B71E71AD1477E60AB06C /* Pods */,
				91175774E2082C11E274D5B4 /* Frameworks */,
			);
			sourceTree = "<group>";
		};
		76C9E5521A029D4300E5CE39 /* Products */ = {
			isa = PBXGroup;
			children = (
				76C9E5511A029D4300E5CE39 /* PayExample.app */,
				76C9E56A1A029D4300E5CE39 /* PayExampleTests.xctest */,
			);
			name = Products;
			sourceTree = "<group>";
		};
		76C9E5531A029D4300E5CE39 /* PayExample */ = {
			isa = PBXGroup;
			children = (
				76C9E5801A029EDC00E5CE39 /* PayExample.entitlements */,
				76C9E5581A029D4300E5CE39 /* AppDelegate.h */,
				76C9E5591A029D4300E5CE39 /* AppDelegate.m */,
				76C9E57A1A029EBB00E5CE39 /* PayViewController.h */,
				76C9E57B1A029EBB00E5CE39 /* PayViewController.m */,
				76C9E57C1A029EBB00E5CE39 /* ShippingManager.h */,
				76C9E57D1A029EBB00E5CE39 /* ShippingManager.m */,
				76C9E55E1A029D4300E5CE39 /* Main.storyboard */,
				76C9E5611A029D4300E5CE39 /* Images.xcassets */,
				76C9E5631A029D4300E5CE39 /* LaunchScreen.xib */,
				76C9E5541A029D4300E5CE39 /* Supporting Files */,
			);
			path = PayExample;
			sourceTree = "<group>";
		};
		76C9E5541A029D4300E5CE39 /* Supporting Files */ = {
			isa = PBXGroup;
			children = (
				76C9E5551A029D4300E5CE39 /* Info.plist */,
				76C9E5561A029D4300E5CE39 /* main.m */,
			);
			name = "Supporting Files";
			sourceTree = "<group>";
		};
		76C9E56D1A029D4300E5CE39 /* PayExampleTests */ = {
			isa = PBXGroup;
			children = (
				76C9E5701A029D4300E5CE39 /* PayExampleTests.m */,
				76C9E56E1A029D4300E5CE39 /* Supporting Files */,
			);
			path = PayExampleTests;
			sourceTree = "<group>";
		};
		76C9E56E1A029D4300E5CE39 /* Supporting Files */ = {
			isa = PBXGroup;
			children = (
				76C9E56F1A029D4300E5CE39 /* Info.plist */,
			);
			name = "Supporting Files";
			sourceTree = "<group>";
		};
		91175774E2082C11E274D5B4 /* Frameworks */ = {
			isa = PBXGroup;
			children = (
				33028E1B03CC03CA6B1A25F6 /* libPods-PayExample.a */,
			);
			name = Frameworks;
			sourceTree = "<group>";
		};
/* End PBXGroup section */

/* Begin PBXNativeTarget section */
		76C9E5501A029D4300E5CE39 /* PayExample */ = {
			isa = PBXNativeTarget;
			buildConfigurationList = 76C9E5741A029D4300E5CE39 /* Build configuration list for PBXNativeTarget "PayExample" */;
			buildPhases = (
				75C6FD97C31758311449DDEA /* Check Pods Manifest.lock */,
				76C9E54D1A029D4300E5CE39 /* Sources */,
				76C9E54E1A029D4300E5CE39 /* Frameworks */,
				76C9E54F1A029D4300E5CE39 /* Resources */,
				4572FCC03CE21CD37EFAA948 /* Copy Pods Resources */,
			);
			buildRules = (
			);
			dependencies = (
			);
			name = PayExample;
			productName = PayExample;
			productReference = 76C9E5511A029D4300E5CE39 /* PayExample.app */;
			productType = "com.apple.product-type.application";
		};
		76C9E5691A029D4300E5CE39 /* PayExampleTests */ = {
			isa = PBXNativeTarget;
			buildConfigurationList = 76C9E5771A029D4300E5CE39 /* Build configuration list for PBXNativeTarget "PayExampleTests" */;
			buildPhases = (
				76C9E5661A029D4300E5CE39 /* Sources */,
				76C9E5671A029D4300E5CE39 /* Frameworks */,
				76C9E5681A029D4300E5CE39 /* Resources */,
			);
			buildRules = (
			);
			dependencies = (
				76C9E56C1A029D4300E5CE39 /* PBXTargetDependency */,
			);
			name = PayExampleTests;
			productName = PayExampleTests;
			productReference = 76C9E56A1A029D4300E5CE39 /* PayExampleTests.xctest */;
			productType = "com.apple.product-type.bundle.unit-test";
		};
/* End PBXNativeTarget section */

/* Begin PBXProject section */
		76C9E5491A029D4300E5CE39 /* Project object */ = {
			isa = PBXProject;
			attributes = {
				LastUpgradeCheck = 0610;
				ORGANIZATIONNAME = Adyen;
				TargetAttributes = {
					76C9E5501A029D4300E5CE39 = {
						CreatedOnToolsVersion = 6.1;
						DevelopmentTeam = B2NYSS5932;
						SystemCapabilities = {
							com.apple.OMC = {
								enabled = 1;
							};
						};
					};
					76C9E5691A029D4300E5CE39 = {
						CreatedOnToolsVersion = 6.1;
						TestTargetID = 76C9E5501A029D4300E5CE39;
					};
				};
			};
			buildConfigurationList = 76C9E54C1A029D4300E5CE39 /* Build configuration list for PBXProject "PayExample" */;
			compatibilityVersion = "Xcode 3.2";
			developmentRegion = English;
			hasScannedForEncodings = 0;
			knownRegions = (
				en,
				Base,
			);
			mainGroup = 76C9E5481A029D4300E5CE39;
			productRefGroup = 76C9E5521A029D4300E5CE39 /* Products */;
			projectDirPath = "";
			projectRoot = "";
			targets = (
				76C9E5501A029D4300E5CE39 /* PayExample */,
				76C9E5691A029D4300E5CE39 /* PayExampleTests */,
			);
		};
/* End PBXProject section */

/* Begin PBXResourcesBuildPhase section */
		76C9E54F1A029D4300E5CE39 /* Resources */ = {
			isa = PBXResourcesBuildPhase;
			buildActionMask = 2147483647;
			files = (
				76C9E5601A029D4300E5CE39 /* Main.storyboard in Resources */,
				76C9E5651A029D4300E5CE39 /* LaunchScreen.xib in Resources */,
				76C9E5621A029D4300E5CE39 /* Images.xcassets in Resources */,
			);
			runOnlyForDeploymentPostprocessing = 0;
		};
		76C9E5681A029D4300E5CE39 /* Resources */ = {
			isa = PBXResourcesBuildPhase;
			buildActionMask = 2147483647;
			files = (
			);
			runOnlyForDeploymentPostprocessing = 0;
		};
/* End PBXResourcesBuildPhase section */

/* Begin PBXShellScriptBuildPhase section */
		4572FCC03CE21CD37EFAA948 /* Copy Pods Resources */ = {
			isa = PBXShellScriptBuildPhase;
			buildActionMask = 2147483647;
			files = (
			);
			inputPaths = (
			);
			name = "Copy Pods Resources";
			outputPaths = (
			);
			runOnlyForDeploymentPostprocessing = 0;
			shellPath = /bin/sh;
			shellScript = "\"${SRCROOT}/Pods/Target Support Files/Pods-PayExample/Pods-PayExample-resources.sh\"\n";
			showEnvVarsInLog = 0;
		};
		75C6FD97C31758311449DDEA /* Check Pods Manifest.lock */ = {
			isa = PBXShellScriptBuildPhase;
			buildActionMask = 2147483647;
			files = (
			);
			inputPaths = (
			);
			name = "Check Pods Manifest.lock";
			outputPaths = (
			);
			runOnlyForDeploymentPostprocessing = 0;
			shellPath = /bin/sh;
			shellScript = "diff \"${PODS_ROOT}/../Podfile.lock\" \"${PODS_ROOT}/Manifest.lock\" > /dev/null\nif [[ $? != 0 ]] ; then\n    cat << EOM\nerror: The sandbox is not in sync with the Podfile.lock. Run 'pod install' or update your CocoaPods installation.\nEOM\n    exit 1\nfi\n";
			showEnvVarsInLog = 0;
		};
/* End PBXShellScriptBuildPhase section */

/* Begin PBXSourcesBuildPhase section */
		76C9E54D1A029D4300E5CE39 /* Sources */ = {
			isa = PBXSourcesBuildPhase;
			buildActionMask = 2147483647;
			files = (
				76C9E55A1A029D4300E5CE39 /* AppDelegate.m in Sources */,
				76C9E57F1A029EBB00E5CE39 /* ShippingManager.m in Sources */,
				76C9E57E1A029EBB00E5CE39 /* PayViewController.m in Sources */,
				76C9E5571A029D4300E5CE39 /* main.m in Sources */,
			);
			runOnlyForDeploymentPostprocessing = 0;
		};
		76C9E5661A029D4300E5CE39 /* Sources */ = {
			isa = PBXSourcesBuildPhase;
			buildActionMask = 2147483647;
			files = (
				76C9E5711A029D4300E5CE39 /* PayExampleTests.m in Sources */,
			);
			runOnlyForDeploymentPostprocessing = 0;
		};
/* End PBXSourcesBuildPhase section */

/* Begin PBXTargetDependency section */
		76C9E56C1A029D4300E5CE39 /* PBXTargetDependency */ = {
			isa = PBXTargetDependency;
			target = 76C9E5501A029D4300E5CE39 /* PayExample */;
			targetProxy = 76C9E56B1A029D4300E5CE39 /* PBXContainerItemProxy */;
		};
/* End PBXTargetDependency section */

/* Begin PBXVariantGroup section */
		76C9E55E1A029D4300E5CE39 /* Main.storyboard */ = {
			isa = PBXVariantGroup;
			children = (
				76C9E55F1A029D4300E5CE39 /* Base */,
			);
			name = Main.storyboard;
			sourceTree = "<group>";
		};
		76C9E5631A029D4300E5CE39 /* LaunchScreen.xib */ = {
			isa = PBXVariantGroup;
			children = (
				76C9E5641A029D4300E5CE39 /* Base */,
			);
			name = LaunchScreen.xib;
			sourceTree = "<group>";
		};
/* End PBXVariantGroup section */

/* Begin XCBuildConfiguration section */
		76C9E5721A029D4300E5CE39 /* Debug */ = {
			isa = XCBuildConfiguration;
			buildSettings = {
				ALWAYS_SEARCH_USER_PATHS = NO;
				CLANG_CXX_LANGUAGE_STANDARD = "gnu++0x";
				CLANG_CXX_LIBRARY = "libc++";
				CLANG_ENABLE_MODULES = YES;
				CLANG_ENABLE_OBJC_ARC = YES;
				CLANG_WARN_BOOL_CONVERSION = YES;
				CLANG_WARN_CONSTANT_CONVERSION = YES;
				CLANG_WARN_DIRECT_OBJC_ISA_USAGE = YES_ERROR;
				CLANG_WARN_EMPTY_BODY = YES;
				CLANG_WARN_ENUM_CONVERSION = YES;
				CLANG_WARN_INT_CONVERSION = YES;
				CLANG_WARN_OBJC_ROOT_CLASS = YES_ERROR;
				CLANG_WARN_UNREACHABLE_CODE = YES;
				CLANG_WARN__DUPLICATE_METHOD_MATCH = YES;
				"CODE_SIGN_IDENTITY[sdk=iphoneos*]" = "iPhone Developer";
				COPY_PHASE_STRIP = NO;
				ENABLE_STRICT_OBJC_MSGSEND = YES;
				GCC_C_LANGUAGE_STANDARD = gnu99;
				GCC_DYNAMIC_NO_PIC = NO;
				GCC_OPTIMIZATION_LEVEL = 0;
				GCC_PREPROCESSOR_DEFINITIONS = (
					"DEBUG=1",
					"$(inherited)",
				);
				GCC_SYMBOLS_PRIVATE_EXTERN = NO;
				GCC_WARN_64_TO_32_BIT_CONVERSION = YES;
				GCC_WARN_ABOUT_RETURN_TYPE = YES_ERROR;
				GCC_WARN_UNDECLARED_SELECTOR = YES;
				GCC_WARN_UNINITIALIZED_AUTOS = YES_AGGRESSIVE;
				GCC_WARN_UNUSED_FUNCTION = YES;
				GCC_WARN_UNUSED_VARIABLE = YES;
				IPHONEOS_DEPLOYMENT_TARGET = 8.1;
				MTL_ENABLE_DEBUG_INFO = YES;
				ONLY_ACTIVE_ARCH = YES;
				SDKROOT = iphoneos;
			};
			name = Debug;
		};
		76C9E5731A029D4300E5CE39 /* Release */ = {
			isa = XCBuildConfiguration;
			buildSettings = {
				ALWAYS_SEARCH_USER_PATHS = NO;
				CLANG_CXX_LANGUAGE_STANDARD = "gnu++0x";
				CLANG_CXX_LIBRARY = "libc++";
				CLANG_ENABLE_MODULES = YES;
				CLANG_ENABLE_OBJC_ARC = YES;
				CLANG_WARN_BOOL_CONVERSION = YES;
				CLANG_WARN_CONSTANT_CONVERSION = YES;
				CLANG_WARN_DIRECT_OBJC_ISA_USAGE = YES_ERROR;
				CLANG_WARN_EMPTY_BODY = YES;
				CLANG_WARN_ENUM_CONVERSION = YES;
				CLANG_WARN_INT_CONVERSION = YES;
				CLANG_WARN_OBJC_ROOT_CLASS = YES_ERROR;
				CLANG_WARN_UNREACHABLE_CODE = YES;
				CLANG_WARN__DUPLICATE_METHOD_MATCH = YES;
				"CODE_SIGN_IDENTITY[sdk=iphoneos*]" = "iPhone Developer";
				COPY_PHASE_STRIP = YES;
				ENABLE_NS_ASSERTIONS = NO;
				ENABLE_STRICT_OBJC_MSGSEND = YES;
				GCC_C_LANGUAGE_STANDARD = gnu99;
				GCC_WARN_64_TO_32_BIT_CONVERSION = YES;
				GCC_WARN_ABOUT_RETURN_TYPE = YES_ERROR;
				GCC_WARN_UNDECLARED_SELECTOR = YES;
				GCC_WARN_UNINITIALIZED_AUTOS = YES_AGGRESSIVE;
				GCC_WARN_UNUSED_FUNCTION = YES;
				GCC_WARN_UNUSED_VARIABLE = YES;
				IPHONEOS_DEPLOYMENT_TARGET = 8.1;
				MTL_ENABLE_DEBUG_INFO = NO;
				SDKROOT = iphoneos;
				VALIDATE_PRODUCT = YES;
			};
			name = Release;
		};
		76C9E5751A029D4300E5CE39 /* Debug */ = {
			isa = XCBuildConfiguration;
			baseConfigurationReference = ED5A7F5FE29A4F64289C9F05 /* Pods-PayExample.debug.xcconfig */;
			buildSettings = {
				ASSETCATALOG_COMPILER_APPICON_NAME = AppIcon;
				CODE_SIGN_ENTITLEMENTS = PayExample/PayExample.entitlements;
				CODE_SIGN_IDENTITY = "iPhone Developer";
				"CODE_SIGN_IDENTITY[sdk=iphoneos*]" = "iPhone Developer";
				INFOPLIST_FILE = PayExample/Info.plist;
				LD_RUNPATH_SEARCH_PATHS = "$(inherited) @executable_path/Frameworks";
				PRODUCT_NAME = "$(TARGET_NAME)";
				PROVISIONING_PROFILE = "";
			};
			name = Debug;
		};
		76C9E5761A029D4300E5CE39 /* Release */ = {
			isa = XCBuildConfiguration;
			baseConfigurationReference = F52D94A2D44D387FFC80C9AC /* Pods-PayExample.release.xcconfig */;
			buildSettings = {
				ASSETCATALOG_COMPILER_APPICON_NAME = AppIcon;
				CODE_SIGN_ENTITLEMENTS = PayExample/PayExample.entitlements;
				CODE_SIGN_IDENTITY = "iPhone Developer";
				"CODE_SIGN_IDENTITY[sdk=iphoneos*]" = "iPhone Developer";
				INFOPLIST_FILE = PayExample/Info.plist;
				LD_RUNPATH_SEARCH_PATHS = "$(inherited) @executable_path/Frameworks";
				PRODUCT_NAME = "$(TARGET_NAME)";
				PROVISIONING_PROFILE = "";
			};
			name = Release;
		};
		76C9E5781A029D4300E5CE39 /* Debug */ = {
			isa = XCBuildConfiguration;
			buildSettings = {
				BUNDLE_LOADER = "$(TEST_HOST)";
				FRAMEWORK_SEARCH_PATHS = (
					"$(SDKROOT)/Developer/Library/Frameworks",
					"$(inherited)",
				);
				GCC_PREPROCESSOR_DEFINITIONS = (
					"DEBUG=1",
					"$(inherited)",
				);
				INFOPLIST_FILE = PayExampleTests/Info.plist;
				LD_RUNPATH_SEARCH_PATHS = "$(inherited) @executable_path/Frameworks @loader_path/Frameworks";
				PRODUCT_NAME = "$(TARGET_NAME)";
				TEST_HOST = "$(BUILT_PRODUCTS_DIR)/PayExample.app/PayExample";
			};
			name = Debug;
		};
		76C9E5791A029D4300E5CE39 /* Release */ = {
			isa = XCBuildConfiguration;
			buildSettings = {
				BUNDLE_LOADER = "$(TEST_HOST)";
				FRAMEWORK_SEARCH_PATHS = (
					"$(SDKROOT)/Developer/Library/Frameworks",
					"$(inherited)",
				);
				INFOPLIST_FILE = PayExampleTests/Info.plist;
				LD_RUNPATH_SEARCH_PATHS = "$(inherited) @executable_path/Frameworks @loader_path/Frameworks";
				PRODUCT_NAME = "$(TARGET_NAME)";
				TEST_HOST = "$(BUILT_PRODUCTS_DIR)/PayExample.app/PayExample";
			};
			name = Release;
		};
/* End XCBuildConfiguration section */

/* Begin XCConfigurationList section */
		76C9E54C1A029D4300E5CE39 /* Build configuration list for PBXProject "PayExample" */ = {
			isa = XCConfigurationList;
			buildConfigurations = (
				76C9E5721A029D4300E5CE39 /* Debug */,
				76C9E5731A029D4300E5CE39 /* Release */,
			);
			defaultConfigurationIsVisible = 0;
			defaultConfigurationName = Release;
		};
		76C9E5741A029D4300E5CE39 /* Build configuration list for PBXNativeTarget "PayExample" */ = {
			isa = XCConfigurationList;
			buildConfigurations = (
				76C9E5751A029D4300E5CE39 /* Debug */,
				76C9E5761A029D4300E5CE39 /* Release */,
			);
			defaultConfigurationIsVisible = 0;
			defaultConfigurationName = Release;
		};
		76C9E5771A029D4300E5CE39 /* Build configuration list for PBXNativeTarget "PayExampleTests" */ = {
			isa = XCConfigurationList;
			buildConfigurations = (
				76C9E5781A029D4300E5CE39 /* Debug */,
				76C9E5791A029D4300E5CE39 /* Release */,
			);
			defaultConfigurationIsVisible = 0;
			defaultConfigurationName = Release;
		};
/* End XCConfigurationList section */
	};
	rootObject = 76C9E5491A029D4300E5CE39 /* Project object */;
}
